// !$*UTF8*$!
{
	archiveVersion = 1;
	classes = {
	};
	objectVersion = 48;
	objects = {

/* Begin PBXBuildFile section */
		838CBF542009A9A900FC4F05 /* AppDelegate.swift in Sources */ = {isa = PBXBuildFile; fileRef = 838CBF532009A9A900FC4F05 /* AppDelegate.swift */; };
		838CBF562009A9A900FC4F05 /* ViewController.swift in Sources */ = {isa = PBXBuildFile; fileRef = 838CBF552009A9A900FC4F05 /* ViewController.swift */; };
		838CBF592009A9A900FC4F05 /* Main.storyboard in Resources */ = {isa = PBXBuildFile; fileRef = 838CBF572009A9A900FC4F05 /* Main.storyboard */; };
		838CBF5B2009A9A900FC4F05 /* Assets.xcassets in Resources */ = {isa = PBXBuildFile; fileRef = 838CBF5A2009A9A900FC4F05 /* Assets.xcassets */; };
		838CBF5E2009A9A900FC4F05 /* LaunchScreen.storyboard in Resources */ = {isa = PBXBuildFile; fileRef = 838CBF5C2009A9A900FC4F05 /* LaunchScreen.storyboard */; };
		838CBF692009A9A900FC4F05 /* TipCalculatorTests.swift in Sources */ = {isa = PBXBuildFile; fileRef = 838CBF682009A9A900FC4F05 /* TipCalculatorTests.swift */; };
		838CBF742009A9A900FC4F05 /* TipCalculatorUITests.swift in Sources */ = {isa = PBXBuildFile; fileRef = 838CBF732009A9A900FC4F05 /* TipCalculatorUITests.swift */; };
/* End PBXBuildFile section */

/* Begin PBXContainerItemProxy section */
		838CBF652009A9A900FC4F05 /* PBXContainerItemProxy */ = {
			isa = PBXContainerItemProxy;
			containerPortal = 838CBF482009A9A900FC4F05 /* Project object */;
			proxyType = 1;
			remoteGlobalIDString = 838CBF4F2009A9A900FC4F05;
			remoteInfo = TipCalculator;
		};
		838CBF702009A9A900FC4F05 /* PBXContainerItemProxy */ = {
			isa = PBXContainerItemProxy;
			containerPortal = 838CBF482009A9A900FC4F05 /* Project object */;
			proxyType = 1;
			remoteGlobalIDString = 838CBF4F2009A9A900FC4F05;
			remoteInfo = TipCalculator;
		};
/* End PBXContainerItemProxy section */

/* Begin PBXFileReference section */
		838CBF502009A9A900FC4F05 /* TipCalculator.app */ = {isa = PBXFileReference; explicitFileType = wrapper.application; includeInIndex = 0; path = TipCalculator.app; sourceTree = BUILT_PRODUCTS_DIR; };
		838CBF532009A9A900FC4F05 /* AppDelegate.swift */ = {isa = PBXFileReference; lastKnownFileType = sourcecode.swift; path = AppDelegate.swift; sourceTree = "<group>"; };
		838CBF552009A9A900FC4F05 /* ViewController.swift */ = {isa = PBXFileReference; lastKnownFileType = sourcecode.swift; path = ViewController.swift; sourceTree = "<group>"; };
		838CBF582009A9A900FC4F05 /* Base */ = {isa = PBXFileReference; lastKnownFileType = file.storyboard; name = Base; path = Base.lproj/Main.storyboard; sourceTree = "<group>"; };
		838CBF5A2009A9A900FC4F05 /* Assets.xcassets */ = {isa = PBXFileReference; lastKnownFileType = folder.assetcatalog; path = Assets.xcassets; sourceTree = "<group>"; };
		838CBF5D2009A9A900FC4F05 /* Base */ = {isa = PBXFileReference; lastKnownFileType = file.storyboard; name = Base; path = Base.lproj/LaunchScreen.storyboard; sourceTree = "<group>"; };
		838CBF5F2009A9A900FC4F05 /* Info.plist */ = {isa = PBXFileReference; lastKnownFileType = text.plist.xml; path = Info.plist; sourceTree = "<group>"; };
		838CBF642009A9A900FC4F05 /* TipCalculatorTests.xctest */ = {isa = PBXFileReference; explicitFileType = wrapper.cfbundle; includeInIndex = 0; path = TipCalculatorTests.xctest; sourceTree = BUILT_PRODUCTS_DIR; };
		838CBF682009A9A900FC4F05 /* TipCalculatorTests.swift */ = {isa = PBXFileReference; lastKnownFileType = sourcecode.swift; path = TipCalculatorTests.swift; sourceTree = "<group>"; };
		838CBF6A2009A9A900FC4F05 /* Info.plist */ = {isa = PBXFileReference; lastKnownFileType = text.plist.xml; path = Info.plist; sourceTree = "<group>"; };
		838CBF6F2009A9A900FC4F05 /* TipCalculatorUITests.xctest */ = {isa = PBXFileReference; explicitFileType = wrapper.cfbundle; includeInIndex = 0; path = TipCalculatorUITests.xctest; sourceTree = BUILT_PRODUCTS_DIR; };
		838CBF732009A9A900FC4F05 /* TipCalculatorUITests.swift */ = {isa = PBXFileReference; lastKnownFileType = sourcecode.swift; path = TipCalculatorUITests.swift; sourceTree = "<group>"; };
		838CBF752009A9A900FC4F05 /* Info.plist */ = {isa = PBXFileReference; lastKnownFileType = text.plist.xml; path = Info.plist; sourceTree = "<group>"; };
/* End PBXFileReference section */

/* Begin PBXFrameworksBuildPhase section */
		838CBF4D2009A9A900FC4F05 /* Frameworks */ = {
			isa = PBXFrameworksBuildPhase;
			buildActionMask = 2147483647;
			files = (
			);
			runOnlyForDeploymentPostprocessing = 0;
		};
		838CBF612009A9A900FC4F05 /* Frameworks */ = {
			isa = PBXFrameworksBuildPhase;
			buildActionMask = 2147483647;
			files = (
			);
			runOnlyForDeploymentPostprocessing = 0;
		};
		838CBF6C2009A9A900FC4F05 /* Frameworks */ = {
			isa = PBXFrameworksBuildPhase;
			buildActionMask = 2147483647;
			files = (
			);
			runOnlyForDeploymentPostprocessing = 0;
		};
/* End PBXFrameworksBuildPhase section */

/* Begin PBXGroup section */
		838CBF472009A9A900FC4F05 = {
			isa = PBXGroup;
			children = (
				838CBF522009A9A900FC4F05 /* TipCalculator */,
				838CBF672009A9A900FC4F05 /* TipCalculatorTests */,
				838CBF722009A9A900FC4F05 /* TipCalculatorUITests */,
				838CBF512009A9A900FC4F05 /* Products */,
			);
			sourceTree = "<group>";
		};
		838CBF512009A9A900FC4F05 /* Products */ = {
			isa = PBXGroup;
			children = (
				838CBF502009A9A900FC4F05 /* TipCalculator.app */,
				838CBF642009A9A900FC4F05 /* TipCalculatorTests.xctest */,
				838CBF6F2009A9A900FC4F05 /* TipCalculatorUITests.xctest */,
			);
			name = Products;
			sourceTree = "<group>";
		};
		838CBF522009A9A900FC4F05 /* TipCalculator */ = {
			isa = PBXGroup;
			children = (
				838CBF532009A9A900FC4F05 /* AppDelegate.swift */,
				838CBF552009A9A900FC4F05 /* ViewController.swift */,
				838CBF572009A9A900FC4F05 /* Main.storyboard */,
				838CBF5A2009A9A900FC4F05 /* Assets.xcassets */,
				838CBF5C2009A9A900FC4F05 /* LaunchScreen.storyboard */,
				838CBF5F2009A9A900FC4F05 /* Info.plist */,
			);
			path = TipCalculator;
			sourceTree = "<group>";
		};
		838CBF672009A9A900FC4F05 /* TipCalculatorTests */ = {
			isa = PBXGroup;
			children = (
				838CBF682009A9A900FC4F05 /* TipCalculatorTests.swift */,
				838CBF6A2009A9A900FC4F05 /* Info.plist */,
			);
			path = TipCalculatorTests;
			sourceTree = "<group>";
		};
		838CBF722009A9A900FC4F05 /* TipCalculatorUITests */ = {
			isa = PBXGroup;
			children = (
				838CBF732009A9A900FC4F05 /* TipCalculatorUITests.swift */,
				838CBF752009A9A900FC4F05 /* Info.plist */,
			);
			path = TipCalculatorUITests;
			sourceTree = "<group>";
		};
/* End PBXGroup section */

/* Begin PBXNativeTarget section */
		838CBF4F2009A9A900FC4F05 /* TipCalculator */ = {
			isa = PBXNativeTarget;
			buildConfigurationList = 838CBF782009A9A900FC4F05 /* Build configuration list for PBXNativeTarget "TipCalculator" */;
			buildPhases = (
				838CBF4C2009A9A900FC4F05 /* Sources */,
				838CBF4D2009A9A900FC4F05 /* Frameworks */,
				838CBF4E2009A9A900FC4F05 /* Resources */,
			);
			buildRules = (
			);
			dependencies = (
			);
			name = TipCalculator;
			productName = TipCalculator;
			productReference = 838CBF502009A9A900FC4F05 /* TipCalculator.app */;
			productType = "com.apple.product-type.application";
		};
		838CBF632009A9A900FC4F05 /* TipCalculatorTests */ = {
			isa = PBXNativeTarget;
			buildConfigurationList = 838CBF7B2009A9A900FC4F05 /* Build configuration list for PBXNativeTarget "TipCalculatorTests" */;
			buildPhases = (
				838CBF602009A9A900FC4F05 /* Sources */,
				838CBF612009A9A900FC4F05 /* Frameworks */,
				838CBF622009A9A900FC4F05 /* Resources */,
			);
			buildRules = (
			);
			dependencies = (
				838CBF662009A9A900FC4F05 /* PBXTargetDependency */,
			);
			name = TipCalculatorTests;
			productName = TipCalculatorTests;
			productReference = 838CBF642009A9A900FC4F05 /* TipCalculatorTests.xctest */;
			productType = "com.apple.product-type.bundle.unit-test";
		};
		838CBF6E2009A9A900FC4F05 /* TipCalculatorUITests */ = {
			isa = PBXNativeTarget;
			buildConfigurationList = 838CBF7E2009A9A900FC4F05 /* Build configuration list for PBXNativeTarget "TipCalculatorUITests" */;
			buildPhases = (
				838CBF6B2009A9A900FC4F05 /* Sources */,
				838CBF6C2009A9A900FC4F05 /* Frameworks */,
				838CBF6D2009A9A900FC4F05 /* Resources */,
			);
			buildRules = (
			);
			dependencies = (
				838CBF712009A9A900FC4F05 /* PBXTargetDependency */,
			);
			name = TipCalculatorUITests;
			productName = TipCalculatorUITests;
			productReference = 838CBF6F2009A9A900FC4F05 /* TipCalculatorUITests.xctest */;
			productType = "com.apple.product-type.bundle.ui-testing";
		};
/* End PBXNativeTarget section */

/* Begin PBXProject section */
		838CBF482009A9A900FC4F05 /* Project object */ = {
			isa = PBXProject;
			attributes = {
				LastSwiftUpdateCheck = 0920;
				LastUpgradeCheck = 0920;
				ORGANIZATIONNAME = jdidat;
				TargetAttributes = {
					838CBF4F2009A9A900FC4F05 = {
						CreatedOnToolsVersion = 9.2;
						ProvisioningStyle = Automatic;
					};
					838CBF632009A9A900FC4F05 = {
						CreatedOnToolsVersion = 9.2;
						ProvisioningStyle = Automatic;
						TestTargetID = 838CBF4F2009A9A900FC4F05;
					};
					838CBF6E2009A9A900FC4F05 = {
						CreatedOnToolsVersion = 9.2;
						ProvisioningStyle = Automatic;
						TestTargetID = 838CBF4F2009A9A900FC4F05;
					};
				};
			};
			buildConfigurationList = 838CBF4B2009A9A900FC4F05 /* Build configuration list for PBXProject "TipCalculator" */;
			compatibilityVersion = "Xcode 8.0";
			developmentRegion = en;
			hasScannedForEncodings = 0;
			knownRegions = (
				en,
				Base,
			);
			mainGroup = 838CBF472009A9A900FC4F05;
			productRefGroup = 838CBF512009A9A900FC4F05 /* Products */;
			projectDirPath = "";
			projectRoot = "";
			targets = (
				838CBF4F2009A9A900FC4F05 /* TipCalculator */,
				838CBF632009A9A900FC4F05 /* TipCalculatorTests */,
				838CBF6E2009A9A900FC4F05 /* TipCalculatorUITests */,
			);
		};
/* End PBXProject section */

/* Begin PBXResourcesBuildPhase section */
		838CBF4E2009A9A900FC4F05 /* Resources */ = {
			isa = PBXResourcesBuildPhase;
			buildActionMask = 2147483647;
			files = (
				838CBF5E2009A9A900FC4F05 /* LaunchScreen.storyboard in Resources */,
				838CBF5B2009A9A900FC4F05 /* Assets.xcassets in Resources */,
				838CBF592009A9A900FC4F05 /* Main.storyboard in Resources */,
			);
			runOnlyForDeploymentPostprocessing = 0;
		};
		838CBF622009A9A900FC4F05 /* Resources */ = {
			isa = PBXResourcesBuildPhase;
			buildActionMask = 2147483647;
			files = (
			);
			runOnlyForDeploymentPostprocessing = 0;
		};
		838CBF6D2009A9A900FC4F05 /* Resources */ = {
			isa = PBXResourcesBuildPhase;
			buildActionMask = 2147483647;
			files = (
			);
			runOnlyForDeploymentPostprocessing = 0;
		};
/* End PBXResourcesBuildPhase section */

/* Begin PBXSourcesBuildPhase section */
		838CBF4C2009A9A900FC4F05 /* Sources */ = {
			isa = PBXSourcesBuildPhase;
			buildActionMask = 2147483647;
			files = (
				838CBF562009A9A900FC4F05 /* ViewController.swift in Sources */,
				838CBF542009A9A900FC4F05 /* AppDelegate.swift in Sources */,
			);
			runOnlyForDeploymentPostprocessing = 0;
		};
		838CBF602009A9A900FC4F05 /* Sources */ = {
			isa = PBXSourcesBuildPhase;
			buildActionMask = 2147483647;
			files = (
				838CBF692009A9A900FC4F05 /* TipCalculatorTests.swift in Sources */,
			);
			runOnlyForDeploymentPostprocessing = 0;
		};
		838CBF6B2009A9A900FC4F05 /* Sources */ = {
			isa = PBXSourcesBuildPhase;
			buildActionMask = 2147483647;
			files = (
				838CBF742009A9A900FC4F05 /* TipCalculatorUITests.swift in Sources */,
			);
			runOnlyForDeploymentPostprocessing = 0;
		};
/* End PBXSourcesBuildPhase section */

/* Begin PBXTargetDependency section */
		838CBF662009A9A900FC4F05 /* PBXTargetDependency */ = {
			isa = PBXTargetDependency;
			target = 838CBF4F2009A9A900FC4F05 /* TipCalculator */;
			targetProxy = 838CBF652009A9A900FC4F05 /* PBXContainerItemProxy */;
		};
		838CBF712009A9A900FC4F05 /* PBXTargetDependency */ = {
			isa = PBXTargetDependency;
			target = 838CBF4F2009A9A900FC4F05 /* TipCalculator */;
			targetProxy = 838CBF702009A9A900FC4F05 /* PBXContainerItemProxy */;
		};
/* End PBXTargetDependency section */

/* Begin PBXVariantGroup section */
		838CBF572009A9A900FC4F05 /* Main.storyboard */ = {
			isa = PBXVariantGroup;
			children = (
				838CBF582009A9A900FC4F05 /* Base */,
			);
			name = Main.storyboard;
			sourceTree = "<group>";
		};
		838CBF5C2009A9A900FC4F05 /* LaunchScreen.storyboard */ = {
			isa = PBXVariantGroup;
			children = (
				838CBF5D2009A9A900FC4F05 /* Base */,
			);
			name = LaunchScreen.storyboard;
			sourceTree = "<group>";
		};
/* End PBXVariantGroup section */

/* Begin XCBuildConfiguration section */
		838CBF762009A9A900FC4F05 /* Debug */ = {
			isa = XCBuildConfiguration;
			buildSettings = {
				ALWAYS_SEARCH_USER_PATHS = NO;
				CLANG_ANALYZER_NONNULL = YES;
				CLANG_ANALYZER_NUMBER_OBJECT_CONVERSION = YES_AGGRESSIVE;
				CLANG_CXX_LANGUAGE_STANDARD = "gnu++14";
				CLANG_CXX_LIBRARY = "libc++";
				CLANG_ENABLE_MODULES = YES;
				CLANG_ENABLE_OBJC_ARC = YES;
				CLANG_WARN_BLOCK_CAPTURE_AUTORELEASING = YES;
				CLANG_WARN_BOOL_CONVERSION = YES;
				CLANG_WARN_COMMA = YES;
				CLANG_WARN_CONSTANT_CONVERSION = YES;
				CLANG_WARN_DIRECT_OBJC_ISA_USAGE = YES_ERROR;
				CLANG_WARN_DOCUMENTATION_COMMENTS = YES;
				CLANG_WARN_EMPTY_BODY = YES;
				CLANG_WARN_ENUM_CONVERSION = YES;
				CLANG_WARN_INFINITE_RECURSION = YES;
				CLANG_WARN_INT_CONVERSION = YES;
				CLANG_WARN_NON_LITERAL_NULL_CONVERSION = YES;
				CLANG_WARN_OBJC_LITERAL_CONVERSION = YES;
				CLANG_WARN_OBJC_ROOT_CLASS = YES_ERROR;
				CLANG_WARN_RANGE_LOOP_ANALYSIS = YES;
				CLANG_WARN_STRICT_PROTOTYPES = YES;
				CLANG_WARN_SUSPICIOUS_MOVE = YES;
				CLANG_WARN_UNGUARDED_AVAILABILITY = YES_AGGRESSIVE;
				CLANG_WARN_UNREACHABLE_CODE = YES;
				CLANG_WARN__DUPLICATE_METHOD_MATCH = YES;
				CODE_SIGN_IDENTITY = "iPhone Developer";
				COPY_PHASE_STRIP = NO;
				DEBUG_INFORMATION_FORMAT = dwarf;
				ENABLE_STRICT_OBJC_MSGSEND = YES;
				ENABLE_TESTABILITY = YES;
				GCC_C_LANGUAGE_STANDARD = gnu11;
				GCC_DYNAMIC_NO_PIC = NO;
				GCC_NO_COMMON_BLOCKS = YES;
				GCC_OPTIMIZATION_LEVEL = 0;
				GCC_PREPROCESSOR_DEFINITIONS = (
					"DEBUG=1",
					"$(inherited)",
				);
				GCC_WARN_64_TO_32_BIT_CONVERSION = YES;
				GCC_WARN_ABOUT_RETURN_TYPE = YES_ERROR;
				GCC_WARN_UNDECLARED_SELECTOR = YES;
				GCC_WARN_UNINITIALIZED_AUTOS = YES_AGGRESSIVE;
				GCC_WARN_UNUSED_FUNCTION = YES;
				GCC_WARN_UNUSED_VARIABLE = YES;
				IPHONEOS_DEPLOYMENT_TARGET = 11.2;
				MTL_ENABLE_DEBUG_INFO = YES;
				ONLY_ACTIVE_ARCH = YES;
				SDKROOT = iphoneos;
				SWIFT_ACTIVE_COMPILATION_CONDITIONS = DEBUG;
				SWIFT_OPTIMIZATION_LEVEL = "-Onone";
			};
			name = Debug;
		};
		838CBF772009A9A900FC4F05 /* Release */ = {
			isa = XCBuildConfiguration;
			buildSettings = {
				ALWAYS_SEARCH_USER_PATHS = NO;
				CLANG_ANALYZER_NONNULL = YES;
				CLANG_ANALYZER_NUMBER_OBJECT_CONVERSION = YES_AGGRESSIVE;
				CLANG_CXX_LANGUAGE_STANDARD = "gnu++14";
				CLANG_CXX_LIBRARY = "libc++";
				CLANG_ENABLE_MODULES = YES;
				CLANG_ENABLE_OBJC_ARC = YES;
				CLANG_WARN_BLOCK_CAPTURE_AUTORELEASING = YES;
				CLANG_WARN_BOOL_CONVERSION = YES;
				CLANG_WARN_COMMA = YES;
				CLANG_WARN_CONSTANT_CONVERSION = YES;
				CLANG_WARN_DIRECT_OBJC_ISA_USAGE = YES_ERROR;
				CLANG_WARN_DOCUMENTATION_COMMENTS = YES;
				CLANG_WARN_EMPTY_BODY = YES;
				CLANG_WARN_ENUM_CONVERSION = YES;
				CLANG_WARN_INFINITE_RECURSION = YES;
				CLANG_WARN_INT_CONVERSION = YES;
				CLANG_WARN_NON_LITERAL_NULL_CONVERSION = YES;
				CLANG_WARN_OBJC_LITERAL_CONVERSION = YES;
				CLANG_WARN_OBJC_ROOT_CLASS = YES_ERROR;
				CLANG_WARN_RANGE_LOOP_ANALYSIS = YES;
				CLANG_WARN_STRICT_PROTOTYPES = YES;
				CLANG_WARN_SUSPICIOUS_MOVE = YES;
				CLANG_WARN_UNGUARDED_AVAILABILITY = YES_AGGRESSIVE;
				CLANG_WARN_UNREACHABLE_CODE = YES;
				CLANG_WARN__DUPLICATE_METHOD_MATCH = YES;
				CODE_SIGN_IDENTITY = "iPhone Developer";
				COPY_PHASE_STRIP = NO;
				DEBUG_INFORMATION_FORMAT = "dwarf-with-dsym";
				ENABLE_NS_ASSERTIONS = NO;
				ENABLE_STRICT_OBJC_MSGSEND = YES;
				GCC_C_LANGUAGE_STANDARD = gnu11;
				GCC_NO_COMMON_BLOCKS = YES;
				GCC_WARN_64_TO_32_BIT_CONVERSION = YES;
				GCC_WARN_ABOUT_RETURN_TYPE = YES_ERROR;
				GCC_WARN_UNDECLARED_SELECTOR = YES;
				GCC_WARN_UNINITIALIZED_AUTOS = YES_AGGRESSIVE;
				GCC_WARN_UNUSED_FUNCTION = YES;
				GCC_WARN_UNUSED_VARIABLE = YES;
				IPHONEOS_DEPLOYMENT_TARGET = 11.2;
				MTL_ENABLE_DEBUG_INFO = NO;
				SDKROOT = iphoneos;
				SWIFT_OPTIMIZATION_LEVEL = "-Owholemodule";
				VALIDATE_PRODUCT = YES;
			};
			name = Release;
		};
		838CBF792009A9A900FC4F05 /* Debug */ = {
			isa = XCBuildConfiguration;
			buildSettings = {
				ASSETCATALOG_COMPILER_APPICON_NAME = AppIcon;
				CODE_SIGN_STYLE = Automatic;
				INFOPLIST_FILE = TipCalculator/Info.plist;
				LD_RUNPATH_SEARCH_PATHS = "$(inherited) @executable_path/Frameworks";
				PRODUCT_BUNDLE_IDENTIFIER = jdidat.TipCalculator;
				PRODUCT_NAME = "$(TARGET_NAME)";
				SWIFT_VERSION = 4.0;
				TARGETED_DEVICE_FAMILY = "1,2";
			};
			name = Debug;
		};
		838CBF7A2009A9A900FC4F05 /* Release */ = {
			isa = XCBuildConfiguration;
			buildSettings = {
				ASSETCATALOG_COMPILER_APPICON_NAME = AppIcon;
				CODE_SIGN_STYLE = Automatic;
				INFOPLIST_FILE = TipCalculator/Info.plist;
				LD_RUNPATH_SEARCH_PATHS = "$(inherited) @executable_path/Frameworks";
				PRODUCT_BUNDLE_IDENTIFIER = jdidat.TipCalculator;
				PRODUCT_NAME = "$(TARGET_NAME)";
				SWIFT_VERSION = 4.0;
				TARGETED_DEVICE_FAMILY = "1,2";
			};
			name = Release;
		};
		838CBF7C2009A9A900FC4F05 /* Debug */ = {
			isa = XCBuildConfiguration;
			buildSettings = {
				ALWAYS_EMBED_SWIFT_STANDARD_LIBRARIES = YES;
				BUNDLE_LOADER = "$(TEST_HOST)";
				CODE_SIGN_STYLE = Automatic;
				INFOPLIST_FILE = TipCalculatorTests/Info.plist;
				LD_RUNPATH_SEARCH_PATHS = "$(inherited) @executable_path/Frameworks @loader_path/Frameworks";
				PRODUCT_BUNDLE_IDENTIFIER = jdidat.TipCalculatorTests;
				PRODUCT_NAME = "$(TARGET_NAME)";
				SWIFT_VERSION = 4.0;
				TARGETED_DEVICE_FAMILY = "1,2";
				TEST_HOST = "$(BUILT_PRODUCTS_DIR)/TipCalculator.app/TipCalculator";
			};
			name = Debug;
		};
		838CBF7D2009A9A900FC4F05 /* Release */ = {
			isa = XCBuildConfiguration;
			buildSettings = {
				ALWAYS_EMBED_SWIFT_STANDARD_LIBRARIES = YES;
				BUNDLE_LOADER = "$(TEST_HOST)";
				CODE_SIGN_STYLE = Automatic;
				INFOPLIST_FILE = TipCalculatorTests/Info.plist;
				LD_RUNPATH_SEARCH_PATHS = "$(inherited) @executable_path/Frameworks @loader_path/Frameworks";
				PRODUCT_BUNDLE_IDENTIFIER = jdidat.TipCalculatorTests;
				PRODUCT_NAME = "$(TARGET_NAME)";
				SWIFT_VERSION = 4.0;
				TARGETED_DEVICE_FAMILY = "1,2";
				TEST_HOST = "$(BUILT_PRODUCTS_DIR)/TipCalculator.app/TipCalculator";
			};
			name = Release;
		};
		838CBF7F2009A9A900FC4F05 /* Debug */ = {
			isa = XCBuildConfiguration;
			buildSettings = {
				ALWAYS_EMBED_SWIFT_STANDARD_LIBRARIES = YES;
				CODE_SIGN_STYLE = Automatic;
				INFOPLIST_FILE = TipCalculatorUITests/Info.plist;
				LD_RUNPATH_SEARCH_PATHS = "$(inherited) @executable_path/Frameworks @loader_path/Frameworks";
				PRODUCT_BUNDLE_IDENTIFIER = jdidat.TipCalculatorUITests;
				PRODUCT_NAME = "$(TARGET_NAME)";
				SWIFT_VERSION = 4.0;
				TARGETED_DEVICE_FAMILY = "1,2";
				TEST_TARGET_NAME = TipCalculator;
			};
			name = Debug;
		};
		838CBF802009A9A900FC4F05 /* Release */ = {
			isa = XCBuildConfiguration;
			buildSettings = {
				ALWAYS_EMBED_SWIFT_STANDARD_LIBRARIES = YES;
				CODE_SIGN_STYLE = Automatic;
				INFOPLIST_FILE = TipCalculatorUITests/Info.plist;
				LD_RUNPATH_SEARCH_PATHS = "$(inherited) @executable_path/Frameworks @loader_path/Frameworks";
				PRODUCT_BUNDLE_IDENTIFIER = jdidat.TipCalculatorUITests;
				PRODUCT_NAME = "$(TARGET_NAME)";
				SWIFT_VERSION = 4.0;
				TARGETED_DEVICE_FAMILY = "1,2";
				TEST_TARGET_NAME = TipCalculator;
			};
			name = Release;
		};
/* End XCBuildConfiguration section */

/* Begin XCConfigurationList section */
		838CBF4B2009A9A900FC4F05 /* Build configuration list for PBXProject "TipCalculator" */ = {
			isa = XCConfigurationList;
			buildConfigurations = (
				838CBF762009A9A900FC4F05 /* Debug */,
				838CBF772009A9A900FC4F05 /* Release */,
			);
			defaultConfigurationIsVisible = 0;
			defaultConfigurationName = Release;
		};
		838CBF782009A9A900FC4F05 /* Build configuration list for PBXNativeTarget "TipCalculator" */ = {
			isa = XCConfigurationList;
			buildConfigurations = (
				838CBF792009A9A900FC4F05 /* Debug */,
				838CBF7A2009A9A900FC4F05 /* Release */,
			);
			defaultConfigurationIsVisible = 0;
			defaultConfigurationName = Release;
		};
		838CBF7B2009A9A900FC4F05 /* Build configuration list for PBXNativeTarget "TipCalculatorTests" */ = {
			isa = XCConfigurationList;
			buildConfigurations = (
				838CBF7C2009A9A900FC4F05 /* Debug */,
				838CBF7D2009A9A900FC4F05 /* Release */,
			);
			defaultConfigurationIsVisible = 0;
			defaultConfigurationName = Release;
		};
		838CBF7E2009A9A900FC4F05 /* Build configuration list for PBXNativeTarget "TipCalculatorUITests" */ = {
			isa = XCConfigurationList;
			buildConfigurations = (
				838CBF7F2009A9A900FC4F05 /* Debug */,
				838CBF802009A9A900FC4F05 /* Release */,
			);
			defaultConfigurationIsVisible = 0;
			defaultConfigurationName = Release;
		};
/* End XCConfigurationList section */
	};
	rootObject = 838CBF482009A9A900FC4F05 /* Project object */;
}
